
Microsoft Visual Studio Solution File, Format Version 12.00
# Visual Studio Version 17
VisualStudioVersion = 17.14.36401.2
MinimumVisualStudioVersion = 10.0.40219.1
Project("{FAE04EC0-301F-11D3-BF4B-00C04F79EFBC}") = "KeyboardBacklightForLenovo.Core", "KeyboardBacklightForLenovo.Core\KeyboardBacklightForLenovo.Core.csproj", "{42DD96BA-96CF-4DB3-8077-4D207E79E670}"
EndProject
Project("{B7DD6F7E-DEF8-4E67-B5B7-07EF123DB6F0}") = "KeyboardBacklightForLenovo.Bundle", "KeyboardBacklightForLenovo.Bundle\KeyboardBacklightForLenovo.Bundle.wixproj", "{E6C2A1B7-50E5-4C1C-89C4-6F9D3D2E5B77}"
ProjectSection(ProjectDependencies) = postProject
    {438BF7E7-9A5D-476C-A3B8-6C8122779A42} = {438BF7E7-9A5D-476C-A3B8-6C8122779A42}
EndProjectSection
EndProject
Project("{FAE04EC0-301F-11D3-BF4B-00C04F79EFBC}") = "KeyboardBacklightForLenovo.Tray", "KeyboardBacklightForLenovo.Tray\KeyboardBacklightForLenovo.Tray.csproj", "{6E7B8ECD-DF51-4675-9D39-F6BE42A91F6D}"
EndProject
Project("{FAE04EC0-301F-11D3-BF4B-00C04F79EFBC}") = "KeyboardBacklightForLenovo.Cli", "KeyboardBacklightForLenovo.Cli\KeyboardBacklightForLenovo.Cli.csproj", "{AD34451F-B391-4DFA-8376-3755DE175FDE}"
EndProject
Project("{FAE04EC0-301F-11D3-BF4B-00C04F79EFBC}") = "KeyboardBacklightForLenovo.Service", "KeyboardBacklightForLenovo.Service\KeyboardBacklightForLenovo.Service.csproj", "{4770A28C-9C91-47C5-89AE-0B5F352B8D49}"
EndProject
Project("{B7DD6F7E-DEF8-4E67-B5B7-07EF123DB6F0}") = "KeyboardBacklightForLenovo.Installer", "KeyboardBacklightForLenovo.Installer\KeyboardBacklightForLenovo.Installer.wixproj", "{438BF7E7-9A5D-476C-A3B8-6C8122779A42}"
EndProject
Project("{FAE04EC0-301F-11D3-BF4B-00C04F79EFBC}") = "KeyboardBacklightForLenovo.TrayClose", "KeyboardBacklightForLenovo.TrayClose\KeyboardBacklightForLenovo.TrayClose.csproj", "{B48B9DA3-8AD6-F036-B3F5-DF3C85CCE4C7}"
EndProject
Global
	GlobalSection(SolutionConfigurationPlatforms) = preSolution
		Debug|x64 = Debug|x64
		Debug|x86 = Debug|x86
		Release|x64 = Release|x64
		Release|x86 = Release|x86
	EndGlobalSection
	GlobalSection(ProjectConfigurationPlatforms) = postSolution
		{42DD96BA-96CF-4DB3-8077-4D207E79E670}.Debug|x64.ActiveCfg = Debug|x64
		{42DD96BA-96CF-4DB3-8077-4D207E79E670}.Debug|x64.Build.0 = Debug|x64
		{42DD96BA-96CF-4DB3-8077-4D207E79E670}.Debug|x86.ActiveCfg = Debug|x86
		{42DD96BA-96CF-4DB3-8077-4D207E79E670}.Debug|x86.Build.0 = Debug|x86
		{42DD96BA-96CF-4DB3-8077-4D207E79E670}.Release|x64.ActiveCfg = Release|x64
		{42DD96BA-96CF-4DB3-8077-4D207E79E670}.Release|x64.Build.0 = Release|x64
		{42DD96BA-96CF-4DB3-8077-4D207E79E670}.Release|x86.ActiveCfg = Release|x86
		{42DD96BA-96CF-4DB3-8077-4D207E79E670}.Release|x86.Build.0 = Release|x86
		{6E7B8ECD-DF51-4675-9D39-F6BE42A91F6D}.Debug|x64.ActiveCfg = Debug|x64
		{6E7B8ECD-DF51-4675-9D39-F6BE42A91F6D}.Debug|x64.Build.0 = Debug|x64
		{6E7B8ECD-DF51-4675-9D39-F6BE42A91F6D}.Debug|x86.ActiveCfg = Debug|x86
		{6E7B8ECD-DF51-4675-9D39-F6BE42A91F6D}.Debug|x86.Build.0 = Debug|x86
		{6E7B8ECD-DF51-4675-9D39-F6BE42A91F6D}.Release|x64.ActiveCfg = Release|x64
		{6E7B8ECD-DF51-4675-9D39-F6BE42A91F6D}.Release|x64.Build.0 = Release|x64
		{6E7B8ECD-DF51-4675-9D39-F6BE42A91F6D}.Release|x86.ActiveCfg = Release|x86
		{6E7B8ECD-DF51-4675-9D39-F6BE42A91F6D}.Release|x86.Build.0 = Release|x86
		{AD34451F-B391-4DFA-8376-3755DE175FDE}.Debug|x64.ActiveCfg = Debug|x64
		{AD34451F-B391-4DFA-8376-3755DE175FDE}.Debug|x64.Build.0 = Debug|x64
		{AD34451F-B391-4DFA-8376-3755DE175FDE}.Debug|x86.ActiveCfg = Debug|x86
		{AD34451F-B391-4DFA-8376-3755DE175FDE}.Debug|x86.Build.0 = Debug|x86
		{AD34451F-B391-4DFA-8376-3755DE175FDE}.Release|x64.ActiveCfg = Release|x64
		{AD34451F-B391-4DFA-8376-3755DE175FDE}.Release|x64.Build.0 = Release|x64
		{AD34451F-B391-4DFA-8376-3755DE175FDE}.Release|x86.ActiveCfg = Release|x86
		{AD34451F-B391-4DFA-8376-3755DE175FDE}.Release|x86.Build.0 = Release|x86
		{4770A28C-9C91-47C5-89AE-0B5F352B8D49}.Debug|x64.ActiveCfg = Debug|x64
		{4770A28C-9C91-47C5-89AE-0B5F352B8D49}.Debug|x64.Build.0 = Debug|x64
		{4770A28C-9C91-47C5-89AE-0B5F352B8D49}.Debug|x86.ActiveCfg = Debug|x86
		{4770A28C-9C91-47C5-89AE-0B5F352B8D49}.Debug|x86.Build.0 = Debug|x86
		{4770A28C-9C91-47C5-89AE-0B5F352B8D49}.Release|x64.ActiveCfg = Release|x64
		{4770A28C-9C91-47C5-89AE-0B5F352B8D49}.Release|x64.Build.0 = Release|x64
		{4770A28C-9C91-47C5-89AE-0B5F352B8D49}.Release|x86.ActiveCfg = Release|x86
		{4770A28C-9C91-47C5-89AE-0B5F352B8D49}.Release|x86.Build.0 = Release|x86
		{438BF7E7-9A5D-476C-A3B8-6C8122779A42}.Debug|x64.ActiveCfg = Debug|x64
		{438BF7E7-9A5D-476C-A3B8-6C8122779A42}.Debug|x64.Build.0 = Debug|x64
		{438BF7E7-9A5D-476C-A3B8-6C8122779A42}.Debug|x86.ActiveCfg = Debug|x86
		{438BF7E7-9A5D-476C-A3B8-6C8122779A42}.Debug|x86.Build.0 = Debug|x86
		{438BF7E7-9A5D-476C-A3B8-6C8122779A42}.Release|x64.ActiveCfg = Release|x64
		{438BF7E7-9A5D-476C-A3B8-6C8122779A42}.Release|x64.Build.0 = Release|x64
		{438BF7E7-9A5D-476C-A3B8-6C8122779A42}.Release|x86.ActiveCfg = Release|x86
		{438BF7E7-9A5D-476C-A3B8-6C8122779A42}.Release|x86.Build.0 = Release|x86
		{B48B9DA3-8AD6-F036-B3F5-DF3C85CCE4C7}.Debug|x64.ActiveCfg = Debug|x64
		{B48B9DA3-8AD6-F036-B3F5-DF3C85CCE4C7}.Debug|x64.Build.0 = Debug|x64
		{B48B9DA3-8AD6-F036-B3F5-DF3C85CCE4C7}.Debug|x86.ActiveCfg = Debug|x86
		{B48B9DA3-8AD6-F036-B3F5-DF3C85CCE4C7}.Debug|x86.Build.0 = Debug|x86
		{B48B9DA3-8AD6-F036-B3F5-DF3C85CCE4C7}.Release|x64.ActiveCfg = Release|x64
		{B48B9DA3-8AD6-F036-B3F5-DF3C85CCE4C7}.Release|x64.Build.0 = Release|x64
		{B48B9DA3-8AD6-F036-B3F5-DF3C85CCE4C7}.Release|x86.ActiveCfg = Release|x86
		{B48B9DA3-8AD6-F036-B3F5-DF3C85CCE4C7}.Release|x86.Build.0 = Release|x86
		{E6C2A1B7-50E5-4C1C-89C4-6F9D3D2E5B77}.Debug|x64.ActiveCfg = Debug|x64
		{E6C2A1B7-50E5-4C1C-89C4-6F9D3D2E5B77}.Debug|x64.Build.0 = Debug|x64
		{E6C2A1B7-50E5-4C1C-89C4-6F9D3D2E5B77}.Debug|x86.ActiveCfg = Debug|x86
		{E6C2A1B7-50E5-4C1C-89C4-6F9D3D2E5B77}.Debug|x86.Build.0 = Debug|x86
		{E6C2A1B7-50E5-4C1C-89C4-6F9D3D2E5B77}.Release|x64.ActiveCfg = Release|x64
		{E6C2A1B7-50E5-4C1C-89C4-6F9D3D2E5B77}.Release|x64.Build.0 = Release|x64
		{E6C2A1B7-50E5-4C1C-89C4-6F9D3D2E5B77}.Release|x86.ActiveCfg = Release|x86
		{E6C2A1B7-50E5-4C1C-89C4-6F9D3D2E5B77}.Release|x86.Build.0 = Release|x86
	EndGlobalSection
	GlobalSection(SolutionProperties) = preSolution
		HideSolutionNode = FALSE
	EndGlobalSection
	GlobalSection(ExtensibilityGlobals) = postSolution
		SolutionGuid = {3F060A84-979B-4812-8681-C56263925B44}
	EndGlobalSection
EndGlobal
