
Microsoft Visual Studio Solution File, Format Version 12.00
# Visual Studio Version 17
VisualStudioVersion = 17.14.36401.2
MinimumVisualStudioVersion = 10.0.40219.1
Project("{FAE04EC0-301F-11D3-BF4B-00C04F79EFBC}") = "ThinkPadKeyboardBacklight.Core", "ThinkPadKeyboardBacklight.Core\ThinkPadKeyboardBacklight.Core.csproj", "{42DD96BA-96CF-4DB3-8077-4D207E79E670}"
EndProject
Project("{FAE04EC0-301F-11D3-BF4B-00C04F79EFBC}") = "ThinkPadKeyboardBacklight.Tray", "ThinkPadKeyboardBacklight.Tray\ThinkPadKeyboardBacklight.Tray.csproj", "{6E7B8ECD-DF51-4675-9D39-F6BE42A91F6D}"
EndProject
Project("{FAE04EC0-301F-11D3-BF4B-00C04F79EFBC}") = "ThinkPadKeyboardBacklight.Cli", "ThinkPadKeyboardBacklight.Cli\ThinkPadKeyboardBacklight.Cli.csproj", "{AD34451F-B391-4DFA-8376-3755DE175FDE}"
EndProject
Global
	GlobalSection(SolutionConfigurationPlatforms) = preSolution
		Debug|Any CPU = Debug|Any CPU
		Release|Any CPU = Release|Any CPU
	EndGlobalSection
	GlobalSection(ProjectConfigurationPlatforms) = postSolution
		{42DD96BA-96CF-4DB3-8077-4D207E79E670}.Debug|Any CPU.ActiveCfg = Debug|Any CPU
		{42DD96BA-96CF-4DB3-8077-4D207E79E670}.Debug|Any CPU.Build.0 = Debug|Any CPU
		{42DD96BA-96CF-4DB3-8077-4D207E79E670}.Release|Any CPU.ActiveCfg = Release|Any CPU
		{42DD96BA-96CF-4DB3-8077-4D207E79E670}.Release|Any CPU.Build.0 = Release|Any CPU
		{6E7B8ECD-DF51-4675-9D39-F6BE42A91F6D}.Debug|Any CPU.ActiveCfg = Debug|Any CPU
		{6E7B8ECD-DF51-4675-9D39-F6BE42A91F6D}.Debug|Any CPU.Build.0 = Debug|Any CPU
		{6E7B8ECD-DF51-4675-9D39-F6BE42A91F6D}.Release|Any CPU.ActiveCfg = Release|Any CPU
		{6E7B8ECD-DF51-4675-9D39-F6BE42A91F6D}.Release|Any CPU.Build.0 = Release|Any CPU
		{AD34451F-B391-4DFA-8376-3755DE175FDE}.Debug|Any CPU.ActiveCfg = Debug|Any CPU
		{AD34451F-B391-4DFA-8376-3755DE175FDE}.Debug|Any CPU.Build.0 = Debug|Any CPU
		{AD34451F-B391-4DFA-8376-3755DE175FDE}.Release|Any CPU.ActiveCfg = Release|Any CPU
		{AD34451F-B391-4DFA-8376-3755DE175FDE}.Release|Any CPU.Build.0 = Release|Any CPU
	EndGlobalSection
	GlobalSection(SolutionProperties) = preSolution
		HideSolutionNode = FALSE
	EndGlobalSection
	GlobalSection(ExtensibilityGlobals) = postSolution
		SolutionGuid = {3F060A84-979B-4812-8681-C56263925B44}
	EndGlobalSection
EndGlobal
